
Microsoft Visual Studio Solution File, Format Version 12.00
# Visual Studio Version 17
VisualStudioVersion = 17.6.33815.320
MinimumVisualStudioVersion = 10.0.40219.1
Project("{9A19103F-16F7-4668-BE54-9A1E7A4F7556}") = "Auth Tutorial", "Auth Tutorial.csproj", "{99CEAEFC-7F68-470E-87EA-ED791DC54540}"
EndProject
Project("{9A19103F-16F7-4668-BE54-9A1E7A4F7556}") = "User.Management.Service", "..\User.Management.Service\User.Management.Service.csproj", "{B60E6768-B3EE-4D85-8F07-C8414793CE49}"
EndProject
Project("{FAE04EC0-301F-11D3-BF4B-00C04F79EFBC}") = "User.Management.Data", "..\User.Management.Data\User.Management.Data.csproj", "{BDC50FBB-7158-4D4C-879C-12534A42FE7D}"
EndProject
Global
	GlobalSection(SolutionConfigurationPlatforms) = preSolution
		Debug|Any CPU = Debug|Any CPU
		Release|Any CPU = Release|Any CPU
	EndGlobalSection
	GlobalSection(ProjectConfigurationPlatforms) = postSolution
		{99CEAEFC-7F68-470E-87EA-ED791DC54540}.Debug|Any CPU.ActiveCfg = Debug|Any CPU
		{99CEAEFC-7F68-470E-87EA-ED791DC54540}.Debug|Any CPU.Build.0 = Debug|Any CPU
		{99CEAEFC-7F68-470E-87EA-ED791DC54540}.Release|Any CPU.ActiveCfg = Release|Any CPU
		{99CEAEFC-7F68-470E-87EA-ED791DC54540}.Release|Any CPU.Build.0 = Release|Any CPU
		{B60E6768-B3EE-4D85-8F07-C8414793CE49}.Debug|Any CPU.ActiveCfg = Debug|Any CPU
		{B60E6768-B3EE-4D85-8F07-C8414793CE49}.Debug|Any CPU.Build.0 = Debug|Any CPU
		{B60E6768-B3EE-4D85-8F07-C8414793CE49}.Release|Any CPU.ActiveCfg = Release|Any CPU
		{B60E6768-B3EE-4D85-8F07-C8414793CE49}.Release|Any CPU.Build.0 = Release|Any CPU
		{BDC50FBB-7158-4D4C-879C-12534A42FE7D}.Debug|Any CPU.ActiveCfg = Debug|Any CPU
		{BDC50FBB-7158-4D4C-879C-12534A42FE7D}.Debug|Any CPU.Build.0 = Debug|Any CPU
		{BDC50FBB-7158-4D4C-879C-12534A42FE7D}.Release|Any CPU.ActiveCfg = Release|Any CPU
		{BDC50FBB-7158-4D4C-879C-12534A42FE7D}.Release|Any CPU.Build.0 = Release|Any CPU
	EndGlobalSection
	GlobalSection(SolutionProperties) = preSolution
		HideSolutionNode = FALSE
	EndGlobalSection
	GlobalSection(ExtensibilityGlobals) = postSolution
		SolutionGuid = {BD28CE99-D487-4AE7-A99A-B78075B89FBA}
	EndGlobalSection
EndGlobal
